// !$*UTF8*$!
{
	archiveVersion = 1;
	classes = {
	};
	objectVersion = 55;
	objects = {

/* Begin PBXBuildFile section */
		807992FA28A111B1009D3CC1 /* SceneDelegate.swift in Sources */ = {isa = PBXBuildFile; fileRef = 807992F928A111B1009D3CC1 /* SceneDelegate.swift */; };
		807992FD28A11392009D3CC1 /* SwitchCell.swift in Sources */ = {isa = PBXBuildFile; fileRef = 807992FB28A11392009D3CC1 /* SwitchCell.swift */; };
		807992FE28A11392009D3CC1 /* SwitchCell.xib in Resources */ = {isa = PBXBuildFile; fileRef = 807992FC28A11392009D3CC1 /* SwitchCell.xib */; };
		8079930128A11755009D3CC1 /* ArrowCell.swift in Sources */ = {isa = PBXBuildFile; fileRef = 807992FF28A11755009D3CC1 /* ArrowCell.swift */; };
		8079930228A11755009D3CC1 /* ArrowCell.xib in Resources */ = {isa = PBXBuildFile; fileRef = 8079930028A11755009D3CC1 /* ArrowCell.xib */; };
		8079930628A118EC009D3CC1 /* SettingController.swift in Sources */ = {isa = PBXBuildFile; fileRef = 8079930528A118EC009D3CC1 /* SettingController.swift */; };
		80D2D6FD28A103E000DF78BA /* AppDelegate.swift in Sources */ = {isa = PBXBuildFile; fileRef = 80D2D6FC28A103E000DF78BA /* AppDelegate.swift */; };
		80D2D70128A103E000DF78BA /* ViewController.swift in Sources */ = {isa = PBXBuildFile; fileRef = 80D2D70028A103E000DF78BA /* ViewController.swift */; };
		80D2D70428A103E000DF78BA /* Main.storyboard in Resources */ = {isa = PBXBuildFile; fileRef = 80D2D70228A103E000DF78BA /* Main.storyboard */; };
		80D2D70628A103E100DF78BA /* Assets.xcassets in Resources */ = {isa = PBXBuildFile; fileRef = 80D2D70528A103E100DF78BA /* Assets.xcassets */; };
		80D2D70928A103E100DF78BA /* LaunchScreen.storyboard in Resources */ = {isa = PBXBuildFile; fileRef = 80D2D70728A103E100DF78BA /* LaunchScreen.storyboard */; };
		80D2D71228A1053200DF78BA /* CXYTableItemProtocol.swift in Sources */ = {isa = PBXBuildFile; fileRef = 80D2D71128A1053200DF78BA /* CXYTableItemProtocol.swift */; };
		80D2D71428A1055300DF78BA /* CXYTableViewExt.swift in Sources */ = {isa = PBXBuildFile; fileRef = 80D2D71328A1055300DF78BA /* CXYTableViewExt.swift */; };
		80D2D71628A1057F00DF78BA /* CXYTableSectionItem.swift in Sources */ = {isa = PBXBuildFile; fileRef = 80D2D71528A1057F00DF78BA /* CXYTableSectionItem.swift */; };
		80D2D71A28A105A900DF78BA /* CXYTableDataSource.swift in Sources */ = {isa = PBXBuildFile; fileRef = 80D2D71928A105A900DF78BA /* CXYTableDataSource.swift */; };
		80D2D71C28A105B700DF78BA /* CXYTableDataItem.swift in Sources */ = {isa = PBXBuildFile; fileRef = 80D2D71B28A105B700DF78BA /* CXYTableDataItem.swift */; };
		80D2D72128A10B9A00DF78BA /* BaseTableController.swift in Sources */ = {isa = PBXBuildFile; fileRef = 80D2D72028A10B9A00DF78BA /* BaseTableController.swift */; };
		80D2D72328A10CD800DF78BA /* Header1.swift in Sources */ = {isa = PBXBuildFile; fileRef = 80D2D72228A10CD800DF78BA /* Header1.swift */; };
		80D2D72528A10CEA00DF78BA /* Header2.swift in Sources */ = {isa = PBXBuildFile; fileRef = 80D2D72428A10CEA00DF78BA /* Header2.swift */; };
		80D2D72728A10D0500DF78BA /* Footer1.swift in Sources */ = {isa = PBXBuildFile; fileRef = 80D2D72628A10D0500DF78BA /* Footer1.swift */; };
		80D2D72928A10D1C00DF78BA /* Footer2.swift in Sources */ = {isa = PBXBuildFile; fileRef = 80D2D72828A10D1C00DF78BA /* Footer2.swift */; };
		80D2D72C28A10D6700DF78BA /* TextCell.swift in Sources */ = {isa = PBXBuildFile; fileRef = 80D2D72A28A10D6700DF78BA /* TextCell.swift */; };
		80D2D72D28A10D6700DF78BA /* TextCell.xib in Resources */ = {isa = PBXBuildFile; fileRef = 80D2D72B28A10D6700DF78BA /* TextCell.xib */; };
		80D2D72F28A10E3F00DF78BA /* LineCell.swift in Sources */ = {isa = PBXBuildFile; fileRef = 80D2D72E28A10E3F00DF78BA /* LineCell.swift */; };
/* End PBXBuildFile section */

/* Begin PBXFileReference section */
		807992F928A111B1009D3CC1 /* SceneDelegate.swift */ = {isa = PBXFileReference; fileEncoding = 4; lastKnownFileType = sourcecode.swift; path = SceneDelegate.swift; sourceTree = "<group>"; };
		807992FB28A11392009D3CC1 /* SwitchCell.swift */ = {isa = PBXFileReference; lastKnownFileType = sourcecode.swift; path = SwitchCell.swift; sourceTree = "<group>"; };
		807992FC28A11392009D3CC1 /* SwitchCell.xib */ = {isa = PBXFileReference; lastKnownFileType = file.xib; path = SwitchCell.xib; sourceTree = "<group>"; };
		807992FF28A11755009D3CC1 /* ArrowCell.swift */ = {isa = PBXFileReference; lastKnownFileType = sourcecode.swift; path = ArrowCell.swift; sourceTree = "<group>"; };
		8079930028A11755009D3CC1 /* ArrowCell.xib */ = {isa = PBXFileReference; lastKnownFileType = file.xib; path = ArrowCell.xib; sourceTree = "<group>"; };
		8079930528A118EC009D3CC1 /* SettingController.swift */ = {isa = PBXFileReference; lastKnownFileType = sourcecode.swift; path = SettingController.swift; sourceTree = "<group>"; };
		80D2D6F928A103E000DF78BA /* CXYTableViewExt-Swift.app */ = {isa = PBXFileReference; explicitFileType = wrapper.application; includeInIndex = 0; path = "CXYTableViewExt-Swift.app"; sourceTree = BUILT_PRODUCTS_DIR; };
		80D2D6FC28A103E000DF78BA /* AppDelegate.swift */ = {isa = PBXFileReference; lastKnownFileType = sourcecode.swift; path = AppDelegate.swift; sourceTree = "<group>"; };
		80D2D70028A103E000DF78BA /* ViewController.swift */ = {isa = PBXFileReference; lastKnownFileType = sourcecode.swift; path = ViewController.swift; sourceTree = "<group>"; };
		80D2D70328A103E000DF78BA /* Base */ = {isa = PBXFileReference; lastKnownFileType = file.storyboard; name = Base; path = Base.lproj/Main.storyboard; sourceTree = "<group>"; };
		80D2D70528A103E100DF78BA /* Assets.xcassets */ = {isa = PBXFileReference; lastKnownFileType = folder.assetcatalog; path = Assets.xcassets; sourceTree = "<group>"; };
		80D2D70828A103E100DF78BA /* Base */ = {isa = PBXFileReference; lastKnownFileType = file.storyboard; name = Base; path = Base.lproj/LaunchScreen.storyboard; sourceTree = "<group>"; };
		80D2D70A28A103E100DF78BA /* Info.plist */ = {isa = PBXFileReference; lastKnownFileType = text.plist.xml; path = Info.plist; sourceTree = "<group>"; };
		80D2D71128A1053200DF78BA /* CXYTableItemProtocol.swift */ = {isa = PBXFileReference; lastKnownFileType = sourcecode.swift; path = CXYTableItemProtocol.swift; sourceTree = "<group>"; };
		80D2D71328A1055300DF78BA /* CXYTableViewExt.swift */ = {isa = PBXFileReference; lastKnownFileType = sourcecode.swift; path = CXYTableViewExt.swift; sourceTree = "<group>"; };
		80D2D71528A1057F00DF78BA /* CXYTableSectionItem.swift */ = {isa = PBXFileReference; lastKnownFileType = sourcecode.swift; path = CXYTableSectionItem.swift; sourceTree = "<group>"; };
		80D2D71928A105A900DF78BA /* CXYTableDataSource.swift */ = {isa = PBXFileReference; lastKnownFileType = sourcecode.swift; path = CXYTableDataSource.swift; sourceTree = "<group>"; };
		80D2D71B28A105B700DF78BA /* CXYTableDataItem.swift */ = {isa = PBXFileReference; lastKnownFileType = sourcecode.swift; path = CXYTableDataItem.swift; sourceTree = "<group>"; };
		80D2D72028A10B9A00DF78BA /* BaseTableController.swift */ = {isa = PBXFileReference; lastKnownFileType = sourcecode.swift; path = BaseTableController.swift; sourceTree = "<group>"; };
		80D2D72228A10CD800DF78BA /* Header1.swift */ = {isa = PBXFileReference; lastKnownFileType = sourcecode.swift; path = Header1.swift; sourceTree = "<group>"; };
		80D2D72428A10CEA00DF78BA /* Header2.swift */ = {isa = PBXFileReference; lastKnownFileType = sourcecode.swift; path = Header2.swift; sourceTree = "<group>"; };
		80D2D72628A10D0500DF78BA /* Footer1.swift */ = {isa = PBXFileReference; lastKnownFileType = sourcecode.swift; path = Footer1.swift; sourceTree = "<group>"; };
		80D2D72828A10D1C00DF78BA /* Footer2.swift */ = {isa = PBXFileReference; lastKnownFileType = sourcecode.swift; path = Footer2.swift; sourceTree = "<group>"; };
		80D2D72A28A10D6700DF78BA /* TextCell.swift */ = {isa = PBXFileReference; lastKnownFileType = sourcecode.swift; path = TextCell.swift; sourceTree = "<group>"; };
		80D2D72B28A10D6700DF78BA /* TextCell.xib */ = {isa = PBXFileReference; lastKnownFileType = file.xib; path = TextCell.xib; sourceTree = "<group>"; };
		80D2D72E28A10E3F00DF78BA /* LineCell.swift */ = {isa = PBXFileReference; lastKnownFileType = sourcecode.swift; path = LineCell.swift; sourceTree = "<group>"; };
/* End PBXFileReference section */

/* Begin PBXFrameworksBuildPhase section */
		80D2D6F628A103E000DF78BA /* Frameworks */ = {
			isa = PBXFrameworksBuildPhase;
			buildActionMask = 2147483647;
			files = (
			);
			runOnlyForDeploymentPostprocessing = 0;
		};
/* End PBXFrameworksBuildPhase section */

/* Begin PBXGroup section */
		8079930328A1182F009D3CC1 /* HeaderFooter */ = {
			isa = PBXGroup;
			children = (
				80D2D72228A10CD800DF78BA /* Header1.swift */,
				80D2D72428A10CEA00DF78BA /* Header2.swift */,
				80D2D72628A10D0500DF78BA /* Footer1.swift */,
				80D2D72828A10D1C00DF78BA /* Footer2.swift */,
			);
			path = HeaderFooter;
			sourceTree = "<group>";
		};
		8079930428A11841009D3CC1 /* Cell */ = {
			isa = PBXGroup;
			children = (
				80D2D72A28A10D6700DF78BA /* TextCell.swift */,
				80D2D72B28A10D6700DF78BA /* TextCell.xib */,
				807992FB28A11392009D3CC1 /* SwitchCell.swift */,
				807992FC28A11392009D3CC1 /* SwitchCell.xib */,
				807992FF28A11755009D3CC1 /* ArrowCell.swift */,
				8079930028A11755009D3CC1 /* ArrowCell.xib */,
				80D2D72E28A10E3F00DF78BA /* LineCell.swift */,
			);
			path = Cell;
			sourceTree = "<group>";
		};
		80D2D6F028A103DF00DF78BA = {
			isa = PBXGroup;
			children = (
				80D2D6FB28A103E000DF78BA /* CXYTableViewExt-Swift */,
				80D2D6FA28A103E000DF78BA /* Products */,
			);
			sourceTree = "<group>";
		};
		80D2D6FA28A103E000DF78BA /* Products */ = {
			isa = PBXGroup;
			children = (
				80D2D6F928A103E000DF78BA /* CXYTableViewExt-Swift.app */,
			);
			name = Products;
			sourceTree = "<group>";
		};
		80D2D6FB28A103E000DF78BA /* CXYTableViewExt-Swift */ = {
			isa = PBXGroup;
			children = (
				80D2D71D28A10AAE00DF78BA /* Example */,
				80D2D71028A1040100DF78BA /* CXYTableViewExt */,
				80D2D6FC28A103E000DF78BA /* AppDelegate.swift */,
				807992F928A111B1009D3CC1 /* SceneDelegate.swift */,
				80D2D70228A103E000DF78BA /* Main.storyboard */,
				80D2D70528A103E100DF78BA /* Assets.xcassets */,
				80D2D70728A103E100DF78BA /* LaunchScreen.storyboard */,
				80D2D70A28A103E100DF78BA /* Info.plist */,
			);
			path = "CXYTableViewExt-Swift";
			sourceTree = "<group>";
		};
		80D2D71028A1040100DF78BA /* CXYTableViewExt */ = {
			isa = PBXGroup;
			children = (
				80D2D71128A1053200DF78BA /* CXYTableItemProtocol.swift */,
				80D2D71328A1055300DF78BA /* CXYTableViewExt.swift */,
				80D2D71528A1057F00DF78BA /* CXYTableSectionItem.swift */,
				80D2D71928A105A900DF78BA /* CXYTableDataSource.swift */,
				80D2D71B28A105B700DF78BA /* CXYTableDataItem.swift */,
			);
			path = CXYTableViewExt;
			sourceTree = "<group>";
		};
		80D2D71D28A10AAE00DF78BA /* Example */ = {
			isa = PBXGroup;
			children = (
				80D2D71F28A10B1300DF78BA /* Controller */,
				80D2D71E28A10ADE00DF78BA /* View */,
			);
			path = Example;
			sourceTree = "<group>";
		};
		80D2D71E28A10ADE00DF78BA /* View */ = {
			isa = PBXGroup;
			children = (
				8079930428A11841009D3CC1 /* Cell */,
				8079930328A1182F009D3CC1 /* HeaderFooter */,
			);
			path = View;
			sourceTree = "<group>";
		};
		80D2D71F28A10B1300DF78BA /* Controller */ = {
			isa = PBXGroup;
			children = (
				80D2D70028A103E000DF78BA /* ViewController.swift */,
				8079930528A118EC009D3CC1 /* SettingController.swift */,
				80D2D72028A10B9A00DF78BA /* BaseTableController.swift */,
			);
			path = Controller;
			sourceTree = "<group>";
		};
/* End PBXGroup section */

/* Begin PBXNativeTarget section */
		80D2D6F828A103E000DF78BA /* CXYTableViewExt-Swift */ = {
			isa = PBXNativeTarget;
			buildConfigurationList = 80D2D70D28A103E100DF78BA /* Build configuration list for PBXNativeTarget "CXYTableViewExt-Swift" */;
			buildPhases = (
				80D2D6F528A103E000DF78BA /* Sources */,
				80D2D6F628A103E000DF78BA /* Frameworks */,
				80D2D6F728A103E000DF78BA /* Resources */,
			);
			buildRules = (
			);
			dependencies = (
			);
			name = "CXYTableViewExt-Swift";
			productName = "CXYTableViewExt-Swift";
			productReference = 80D2D6F928A103E000DF78BA /* CXYTableViewExt-Swift.app */;
			productType = "com.apple.product-type.application";
		};
/* End PBXNativeTarget section */

/* Begin PBXProject section */
		80D2D6F128A103DF00DF78BA /* Project object */ = {
			isa = PBXProject;
			attributes = {
				BuildIndependentTargetsInParallel = 1;
				LastSwiftUpdateCheck = 1340;
				LastUpgradeCheck = 1340;
				TargetAttributes = {
					80D2D6F828A103E000DF78BA = {
						CreatedOnToolsVersion = 13.4.1;
					};
				};
			};
			buildConfigurationList = 80D2D6F428A103DF00DF78BA /* Build configuration list for PBXProject "CXYTableViewExt-Swift" */;
			compatibilityVersion = "Xcode 13.0";
			developmentRegion = en;
			hasScannedForEncodings = 0;
			knownRegions = (
				en,
				Base,
			);
			mainGroup = 80D2D6F028A103DF00DF78BA;
			productRefGroup = 80D2D6FA28A103E000DF78BA /* Products */;
			projectDirPath = "";
			projectRoot = "";
			targets = (
				80D2D6F828A103E000DF78BA /* CXYTableViewExt-Swift */,
			);
		};
/* End PBXProject section */

/* Begin PBXResourcesBuildPhase section */
		80D2D6F728A103E000DF78BA /* Resources */ = {
			isa = PBXResourcesBuildPhase;
			buildActionMask = 2147483647;
			files = (
				80D2D70928A103E100DF78BA /* LaunchScreen.storyboard in Resources */,
				8079930228A11755009D3CC1 /* ArrowCell.xib in Resources */,
				80D2D70628A103E100DF78BA /* Assets.xcassets in Resources */,
				80D2D72D28A10D6700DF78BA /* TextCell.xib in Resources */,
				80D2D70428A103E000DF78BA /* Main.storyboard in Resources */,
				807992FE28A11392009D3CC1 /* SwitchCell.xib in Resources */,
			);
			runOnlyForDeploymentPostprocessing = 0;
		};
/* End PBXResourcesBuildPhase section */

/* Begin PBXSourcesBuildPhase section */
		80D2D6F528A103E000DF78BA /* Sources */ = {
			isa = PBXSourcesBuildPhase;
			buildActionMask = 2147483647;
			files = (
				8079930628A118EC009D3CC1 /* SettingController.swift in Sources */,
				80D2D72328A10CD800DF78BA /* Header1.swift in Sources */,
				80D2D70128A103E000DF78BA /* ViewController.swift in Sources */,
				80D2D6FD28A103E000DF78BA /* AppDelegate.swift in Sources */,
				80D2D71228A1053200DF78BA /* CXYTableItemProtocol.swift in Sources */,
				80D2D71428A1055300DF78BA /* CXYTableViewExt.swift in Sources */,
				807992FA28A111B1009D3CC1 /* SceneDelegate.swift in Sources */,
				80D2D71628A1057F00DF78BA /* CXYTableSectionItem.swift in Sources */,
				80D2D71C28A105B700DF78BA /* CXYTableDataItem.swift in Sources */,
				80D2D72728A10D0500DF78BA /* Footer1.swift in Sources */,
				80D2D72F28A10E3F00DF78BA /* LineCell.swift in Sources */,
				80D2D72128A10B9A00DF78BA /* BaseTableController.swift in Sources */,
				8079930128A11755009D3CC1 /* ArrowCell.swift in Sources */,
				80D2D72C28A10D6700DF78BA /* TextCell.swift in Sources */,
				80D2D72528A10CEA00DF78BA /* Header2.swift in Sources */,
				807992FD28A11392009D3CC1 /* SwitchCell.swift in Sources */,
				80D2D71A28A105A900DF78BA /* CXYTableDataSource.swift in Sources */,
				80D2D72928A10D1C00DF78BA /* Footer2.swift in Sources */,
			);
			runOnlyForDeploymentPostprocessing = 0;
		};
/* End PBXSourcesBuildPhase section */

/* Begin PBXVariantGroup section */
		80D2D70228A103E000DF78BA /* Main.storyboard */ = {
			isa = PBXVariantGroup;
			children = (
				80D2D70328A103E000DF78BA /* Base */,
			);
			name = Main.storyboard;
			sourceTree = "<group>";
		};
		80D2D70728A103E100DF78BA /* LaunchScreen.storyboard */ = {
			isa = PBXVariantGroup;
			children = (
				80D2D70828A103E100DF78BA /* Base */,
			);
			name = LaunchScreen.storyboard;
			sourceTree = "<group>";
		};
/* End PBXVariantGroup section */

/* Begin XCBuildConfiguration section */
		80D2D70B28A103E100DF78BA /* Debug */ = {
			isa = XCBuildConfiguration;
			buildSettings = {
				ALWAYS_SEARCH_USER_PATHS = NO;
				CLANG_ANALYZER_NONNULL = YES;
				CLANG_ANALYZER_NUMBER_OBJECT_CONVERSION = YES_AGGRESSIVE;
				CLANG_CXX_LANGUAGE_STANDARD = "gnu++17";
				CLANG_ENABLE_MODULES = YES;
				CLANG_ENABLE_OBJC_ARC = YES;
				CLANG_ENABLE_OBJC_WEAK = YES;
				CLANG_WARN_BLOCK_CAPTURE_AUTORELEASING = YES;
				CLANG_WARN_BOOL_CONVERSION = YES;
				CLANG_WARN_COMMA = YES;
				CLANG_WARN_CONSTANT_CONVERSION = YES;
				CLANG_WARN_DEPRECATED_OBJC_IMPLEMENTATIONS = YES;
				CLANG_WARN_DIRECT_OBJC_ISA_USAGE = YES_ERROR;
				CLANG_WARN_DOCUMENTATION_COMMENTS = YES;
				CLANG_WARN_EMPTY_BODY = YES;
				CLANG_WARN_ENUM_CONVERSION = YES;
				CLANG_WARN_INFINITE_RECURSION = YES;
				CLANG_WARN_INT_CONVERSION = YES;
				CLANG_WARN_NON_LITERAL_NULL_CONVERSION = YES;
				CLANG_WARN_OBJC_IMPLICIT_RETAIN_SELF = YES;
				CLANG_WARN_OBJC_LITERAL_CONVERSION = YES;
				CLANG_WARN_OBJC_ROOT_CLASS = YES_ERROR;
				CLANG_WARN_QUOTED_INCLUDE_IN_FRAMEWORK_HEADER = YES;
				CLANG_WARN_RANGE_LOOP_ANALYSIS = YES;
				CLANG_WARN_STRICT_PROTOTYPES = YES;
				CLANG_WARN_SUSPICIOUS_MOVE = YES;
				CLANG_WARN_UNGUARDED_AVAILABILITY = YES_AGGRESSIVE;
				CLANG_WARN_UNREACHABLE_CODE = YES;
				CLANG_WARN__DUPLICATE_METHOD_MATCH = YES;
				COPY_PHASE_STRIP = NO;
				DEBUG_INFORMATION_FORMAT = dwarf;
				ENABLE_STRICT_OBJC_MSGSEND = YES;
				ENABLE_TESTABILITY = YES;
				GCC_C_LANGUAGE_STANDARD = gnu11;
				GCC_DYNAMIC_NO_PIC = NO;
				GCC_NO_COMMON_BLOCKS = YES;
				GCC_OPTIMIZATION_LEVEL = 0;
				GCC_PREPROCESSOR_DEFINITIONS = (
					"DEBUG=1",
					"$(inherited)",
				);
				GCC_WARN_64_TO_32_BIT_CONVERSION = YES;
				GCC_WARN_ABOUT_RETURN_TYPE = YES_ERROR;
				GCC_WARN_UNDECLARED_SELECTOR = YES;
				GCC_WARN_UNINITIALIZED_AUTOS = YES_AGGRESSIVE;
				GCC_WARN_UNUSED_FUNCTION = YES;
				GCC_WARN_UNUSED_VARIABLE = YES;
				IPHONEOS_DEPLOYMENT_TARGET = 13.0;
				MTL_ENABLE_DEBUG_INFO = INCLUDE_SOURCE;
				MTL_FAST_MATH = YES;
				ONLY_ACTIVE_ARCH = YES;
				SDKROOT = iphoneos;
				SWIFT_ACTIVE_COMPILATION_CONDITIONS = DEBUG;
				SWIFT_OPTIMIZATION_LEVEL = "-Onone";
			};
			name = Debug;
		};
		80D2D70C28A103E100DF78BA /* Release */ = {
			isa = XCBuildConfiguration;
			buildSettings = {
				ALWAYS_SEARCH_USER_PATHS = NO;
				CLANG_ANALYZER_NONNULL = YES;
				CLANG_ANALYZER_NUMBER_OBJECT_CONVERSION = YES_AGGRESSIVE;
				CLANG_CXX_LANGUAGE_STANDARD = "gnu++17";
				CLANG_ENABLE_MODULES = YES;
				CLANG_ENABLE_OBJC_ARC = YES;
				CLANG_ENABLE_OBJC_WEAK = YES;
				CLANG_WARN_BLOCK_CAPTURE_AUTORELEASING = YES;
				CLANG_WARN_BOOL_CONVERSION = YES;
				CLANG_WARN_COMMA = YES;
				CLANG_WARN_CONSTANT_CONVERSION = YES;
				CLANG_WARN_DEPRECATED_OBJC_IMPLEMENTATIONS = YES;
				CLANG_WARN_DIRECT_OBJC_ISA_USAGE = YES_ERROR;
				CLANG_WARN_DOCUMENTATION_COMMENTS = YES;
				CLANG_WARN_EMPTY_BODY = YES;
				CLANG_WARN_ENUM_CONVERSION = YES;
				CLANG_WARN_INFINITE_RECURSION = YES;
				CLANG_WARN_INT_CONVERSION = YES;
				CLANG_WARN_NON_LITERAL_NULL_CONVERSION = YES;
				CLANG_WARN_OBJC_IMPLICIT_RETAIN_SELF = YES;
				CLANG_WARN_OBJC_LITERAL_CONVERSION = YES;
				CLANG_WARN_OBJC_ROOT_CLASS = YES_ERROR;
				CLANG_WARN_QUOTED_INCLUDE_IN_FRAMEWORK_HEADER = YES;
				CLANG_WARN_RANGE_LOOP_ANALYSIS = YES;
				CLANG_WARN_STRICT_PROTOTYPES = YES;
				CLANG_WARN_SUSPICIOUS_MOVE = YES;
				CLANG_WARN_UNGUARDED_AVAILABILITY = YES_AGGRESSIVE;
				CLANG_WARN_UNREACHABLE_CODE = YES;
				CLANG_WARN__DUPLICATE_METHOD_MATCH = YES;
				COPY_PHASE_STRIP = NO;
				DEBUG_INFORMATION_FORMAT = "dwarf-with-dsym";
				ENABLE_NS_ASSERTIONS = NO;
				ENABLE_STRICT_OBJC_MSGSEND = YES;
				GCC_C_LANGUAGE_STANDARD = gnu11;
				GCC_NO_COMMON_BLOCKS = YES;
				GCC_WARN_64_TO_32_BIT_CONVERSION = YES;
				GCC_WARN_ABOUT_RETURN_TYPE = YES_ERROR;
				GCC_WARN_UNDECLARED_SELECTOR = YES;
				GCC_WARN_UNINITIALIZED_AUTOS = YES_AGGRESSIVE;
				GCC_WARN_UNUSED_FUNCTION = YES;
				GCC_WARN_UNUSED_VARIABLE = YES;
				IPHONEOS_DEPLOYMENT_TARGET = 13.0;
				MTL_ENABLE_DEBUG_INFO = NO;
				MTL_FAST_MATH = YES;
				SDKROOT = iphoneos;
				SWIFT_COMPILATION_MODE = wholemodule;
				SWIFT_OPTIMIZATION_LEVEL = "-O";
				VALIDATE_PRODUCT = YES;
			};
			name = Release;
		};
		80D2D70E28A103E100DF78BA /* Debug */ = {
			isa = XCBuildConfiguration;
			buildSettings = {
				ASSETCATALOG_COMPILER_APPICON_NAME = AppIcon;
				ASSETCATALOG_COMPILER_GLOBAL_ACCENT_COLOR_NAME = AccentColor;
				CODE_SIGN_STYLE = Automatic;
				CURRENT_PROJECT_VERSION = 1;
				GENERATE_INFOPLIST_FILE = YES;
				INFOPLIST_FILE = "CXYTableViewExt-Swift/Info.plist";
				INFOPLIST_KEY_UIApplicationSupportsIndirectInputEvents = YES;
				INFOPLIST_KEY_UILaunchStoryboardName = LaunchScreen;
				INFOPLIST_KEY_UIMainStoryboardFile = Main;
				INFOPLIST_KEY_UISupportedInterfaceOrientations_iPad = "UIInterfaceOrientationPortrait UIInterfaceOrientationPortraitUpsideDown UIInterfaceOrientationLandscapeLeft UIInterfaceOrientationLandscapeRight";
				INFOPLIST_KEY_UISupportedInterfaceOrientations_iPhone = "UIInterfaceOrientationPortrait UIInterfaceOrientationLandscapeLeft UIInterfaceOrientationLandscapeRight";
				LD_RUNPATH_SEARCH_PATHS = (
					"$(inherited)",
					"@executable_path/Frameworks",
				);
				MARKETING_VERSION = 1.0;
				PRODUCT_BUNDLE_IDENTIFIER = "com.cxy.ihongren.CXYTableViewExt-Swift";
				PRODUCT_NAME = "$(TARGET_NAME)";
				SWIFT_EMIT_LOC_STRINGS = YES;
				SWIFT_VERSION = 5.0;
				TARGETED_DEVICE_FAMILY = "1,2";
			};
			name = Debug;
		};
		80D2D70F28A103E100DF78BA /* Release */ = {
			isa = XCBuildConfiguration;
			buildSettings = {
				ASSETCATALOG_COMPILER_APPICON_NAME = AppIcon;
				ASSETCATALOG_COMPILER_GLOBAL_ACCENT_COLOR_NAME = AccentColor;
				CODE_SIGN_STYLE = Automatic;
				CURRENT_PROJECT_VERSION = 1;
				GENERATE_INFOPLIST_FILE = YES;
				INFOPLIST_FILE = "CXYTableViewExt-Swift/Info.plist";
				INFOPLIST_KEY_UIApplicationSupportsIndirectInputEvents = YES;
				INFOPLIST_KEY_UILaunchStoryboardName = LaunchScreen;
				INFOPLIST_KEY_UIMainStoryboardFile = Main;
				INFOPLIST_KEY_UISupportedInterfaceOrientations_iPad = "UIInterfaceOrientationPortrait UIInterfaceOrientationPortraitUpsideDown UIInterfaceOrientationLandscapeLeft UIInterfaceOrientationLandscapeRight";
				INFOPLIST_KEY_UISupportedInterfaceOrientations_iPhone = "UIInterfaceOrientationPortrait UIInterfaceOrientationLandscapeLeft UIInterfaceOrientationLandscapeRight";
				LD_RUNPATH_SEARCH_PATHS = (
					"$(inherited)",
					"@executable_path/Frameworks",
				);
				MARKETING_VERSION = 1.0;
				PRODUCT_BUNDLE_IDENTIFIER = "com.cxy.ihongren.CXYTableViewExt-Swift";
				PRODUCT_NAME = "$(TARGET_NAME)";
				SWIFT_EMIT_LOC_STRINGS = YES;
				SWIFT_VERSION = 5.0;
				TARGETED_DEVICE_FAMILY = "1,2";
			};
			name = Release;
		};
/* End XCBuildConfiguration section */

/* Begin XCConfigurationList section */
		80D2D6F428A103DF00DF78BA /* Build configuration list for PBXProject "CXYTableViewExt-Swift" */ = {
			isa = XCConfigurationList;
			buildConfigurations = (
				80D2D70B28A103E100DF78BA /* Debug */,
				80D2D70C28A103E100DF78BA /* Release */,
			);
			defaultConfigurationIsVisible = 0;
			defaultConfigurationName = Release;
		};
		80D2D70D28A103E100DF78BA /* Build configuration list for PBXNativeTarget "CXYTableViewExt-Swift" */ = {
			isa = XCConfigurationList;
			buildConfigurations = (
				80D2D70E28A103E100DF78BA /* Debug */,
				80D2D70F28A103E100DF78BA /* Release */,
			);
			defaultConfigurationIsVisible = 0;
			defaultConfigurationName = Release;
		};
/* End XCConfigurationList section */
	};
	rootObject = 80D2D6F128A103DF00DF78BA /* Project object */;
}
